
Microsoft Visual Studio Solution File, Format Version 12.00
# Visual Studio 14
VisualStudioVersion = 14.0.25123.0
MinimumVisualStudioVersion = 10.0.40219.1
Project("{FAE04EC0-301F-11D3-BF4B-00C04F79EFBC}") = "DatabaseLogicLayer", "DatabaseLogicLayer\DatabaseLogicLayer.csproj", "{6DD69BC3-D74B-48DC-8946-68518602920E}"
EndProject
Project("{FAE04EC0-301F-11D3-BF4B-00C04F79EFBC}") = "BusinessLogicLayer", "BusinessLogicLayer\BusinessLogicLayer.csproj", "{6D17AE37-201E-4D88-A304-62DC6B2CB733}"
EndProject
Project("{FAE04EC0-301F-11D3-BF4B-00C04F79EFBC}") = "Entities", "Entities\Entities.csproj", "{688E7B53-591D-4B0B-885F-A4F41796305B}"
EndProject
Project("{FAE04EC0-301F-11D3-BF4B-00C04F79EFBC}") = "UIweb", "UIweb\UIweb.csproj", "{6D641E35-91BA-4835-AA29-E0FC81B1747F}"
EndProject
Global
	GlobalSection(SolutionConfigurationPlatforms) = preSolution
		Debug|Any CPU = Debug|Any CPU
		Release|Any CPU = Release|Any CPU
	EndGlobalSection
	GlobalSection(ProjectConfigurationPlatforms) = postSolution
		{6DD69BC3-D74B-48DC-8946-68518602920E}.Debug|Any CPU.ActiveCfg = Debug|Any CPU
		{6DD69BC3-D74B-48DC-8946-68518602920E}.Debug|Any CPU.Build.0 = Debug|Any CPU
		{6DD69BC3-D74B-48DC-8946-68518602920E}.Release|Any CPU.ActiveCfg = Release|Any CPU
		{6DD69BC3-D74B-48DC-8946-68518602920E}.Release|Any CPU.Build.0 = Release|Any CPU
		{6D17AE37-201E-4D88-A304-62DC6B2CB733}.Debug|Any CPU.ActiveCfg = Debug|Any CPU
		{6D17AE37-201E-4D88-A304-62DC6B2CB733}.Debug|Any CPU.Build.0 = Debug|Any CPU
		{6D17AE37-201E-4D88-A304-62DC6B2CB733}.Release|Any CPU.ActiveCfg = Release|Any CPU
		{6D17AE37-201E-4D88-A304-62DC6B2CB733}.Release|Any CPU.Build.0 = Release|Any CPU
		{688E7B53-591D-4B0B-885F-A4F41796305B}.Debug|Any CPU.ActiveCfg = Debug|Any CPU
		{688E7B53-591D-4B0B-885F-A4F41796305B}.Debug|Any CPU.Build.0 = Debug|Any CPU
		{688E7B53-591D-4B0B-885F-A4F41796305B}.Release|Any CPU.ActiveCfg = Release|Any CPU
		{688E7B53-591D-4B0B-885F-A4F41796305B}.Release|Any CPU.Build.0 = Release|Any CPU
		{6D641E35-91BA-4835-AA29-E0FC81B1747F}.Debug|Any CPU.ActiveCfg = Debug|Any CPU
		{6D641E35-91BA-4835-AA29-E0FC81B1747F}.Debug|Any CPU.Build.0 = Debug|Any CPU
		{6D641E35-91BA-4835-AA29-E0FC81B1747F}.Release|Any CPU.ActiveCfg = Release|Any CPU
		{6D641E35-91BA-4835-AA29-E0FC81B1747F}.Release|Any CPU.Build.0 = Release|Any CPU
	EndGlobalSection
	GlobalSection(SolutionProperties) = preSolution
		HideSolutionNode = FALSE
	EndGlobalSection
EndGlobal
